
Microsoft Visual Studio Solution File, Format Version 12.00
# Visual Studio 15
VisualStudioVersion = 15.0.28307.1231
MinimumVisualStudioVersion = 10.0.40219.1
Project("{FAE04EC0-301F-11D3-BF4B-00C04F79EFBC}") = "WebSiteReport", "WebSiteReport\WebSiteReport.csproj", "{9DEAC7F7-7EDC-401A-83F8-BE0843B06C73}"
EndProject
Global
	GlobalSection(SolutionConfigurationPlatforms) = preSolution
		Debug|Any CPU = Debug|Any CPU
		Release|Any CPU = Release|Any CPU
	EndGlobalSection
	GlobalSection(ProjectConfigurationPlatforms) = postSolution
		{9DEAC7F7-7EDC-401A-83F8-BE0843B06C73}.Debug|Any CPU.ActiveCfg = Debug|Any CPU
		{9DEAC7F7-7EDC-401A-83F8-BE0843B06C73}.Debug|Any CPU.Build.0 = Debug|Any CPU
		{9DEAC7F7-7EDC-401A-83F8-BE0843B06C73}.Release|Any CPU.ActiveCfg = Release|Any CPU
		{9DEAC7F7-7EDC-401A-83F8-BE0843B06C73}.Release|Any CPU.Build.0 = Release|Any CPU
	EndGlobalSection
	GlobalSection(SolutionProperties) = preSolution
		HideSolutionNode = FALSE
	EndGlobalSection
	GlobalSection(ExtensibilityGlobals) = postSolution
		SolutionGuid = {BADFDEEF-5AB1-49D4-9C89-9CF7C13B59EB}
	EndGlobalSection
EndGlobal
